
Microsoft Visual Studio Solution File, Format Version 12.00
# Visual Studio 15
Project("{FAE04EC0-301F-11D3-BF4B-00C04F79EFBC}") = "Assembly-CSharp", "Assembly-CSharp.csproj", "{51164752-A8FA-4F20-1D52-23279491E6BB}"
EndProject
Project("{FAE04EC0-301F-11D3-BF4B-00C04F79EFBC}") = "Assembly-CSharp-Editor", "Assembly-CSharp-Editor.csproj", "{C3F64014-6229-A96B-5CFD-6564BE8DDFE9}"
EndProject
Global
	GlobalSection(SolutionConfigurationPlatforms) = preSolution
		Debug|Any CPU = Debug|Any CPU
		Release|Any CPU = Release|Any CPU
	EndGlobalSection
	GlobalSection(ProjectConfigurationPlatforms) = postSolution
		{51164752-A8FA-4F20-1D52-23279491E6BB}.Debug|Any CPU.ActiveCfg = Debug|Any CPU
		{51164752-A8FA-4F20-1D52-23279491E6BB}.Debug|Any CPU.Build.0 = Debug|Any CPU
		{51164752-A8FA-4F20-1D52-23279491E6BB}.Release|Any CPU.ActiveCfg = Release|Any CPU
		{51164752-A8FA-4F20-1D52-23279491E6BB}.Release|Any CPU.Build.0 = Release|Any CPU
		{C3F64014-6229-A96B-5CFD-6564BE8DDFE9}.Debug|Any CPU.ActiveCfg = Debug|Any CPU
		{C3F64014-6229-A96B-5CFD-6564BE8DDFE9}.Debug|Any CPU.Build.0 = Debug|Any CPU
		{C3F64014-6229-A96B-5CFD-6564BE8DDFE9}.Release|Any CPU.ActiveCfg = Release|Any CPU
		{C3F64014-6229-A96B-5CFD-6564BE8DDFE9}.Release|Any CPU.Build.0 = Release|Any CPU
	EndGlobalSection
	GlobalSection(SolutionProperties) = preSolution
		HideSolutionNode = FALSE
	EndGlobalSection
EndGlobal
